
Microsoft Visual Studio Solution File, Format Version 12.00
# Visual Studio Version 17
VisualStudioVersion = 17.13.35931.197 d17.13
MinimumVisualStudioVersion = 10.0.40219.1
Project("{FAE04EC0-301F-11D3-BF4B-00C04F79EFBC}") = "BibliotecaAPI", "BibliotecaAPI\BibliotecaAPI.csproj", "{E1270E23-3ED7-4AB7-AF54-3352F791C380}"
EndProject
Global
	GlobalSection(SolutionConfigurationPlatforms) = preSolution
		Debug|Any CPU = Debug|Any CPU
		Release|Any CPU = Release|Any CPU
	EndGlobalSection
	GlobalSection(ProjectConfigurationPlatforms) = postSolution
		{E1270E23-3ED7-4AB7-AF54-3352F791C380}.Debug|Any CPU.ActiveCfg = Debug|Any CPU
		{E1270E23-3ED7-4AB7-AF54-3352F791C380}.Debug|Any CPU.Build.0 = Debug|Any CPU
		{E1270E23-3ED7-4AB7-AF54-3352F791C380}.Release|Any CPU.ActiveCfg = Release|Any CPU
		{E1270E23-3ED7-4AB7-AF54-3352F791C380}.Release|Any CPU.Build.0 = Release|Any CPU
	EndGlobalSection
	GlobalSection(SolutionProperties) = preSolution
		HideSolutionNode = FALSE
	EndGlobalSection
	GlobalSection(ExtensibilityGlobals) = postSolution
		SolutionGuid = {A43E8BD7-3053-4565-A1E5-18E089896F22}
	EndGlobalSection
EndGlobal
